PODS:
  - Alamofire (4.9.1)
  - SDWebImage (5.19.2):
    - SDWebImage/Core (= 5.19.2)
  - SDWebImage/Core (5.19.2)
  - SwiftyJSON (5.0.1)

DEPENDENCIES:
  - Alamofire (~> 4.4)
  - SDWebImage
  - SwiftyJSON

SPEC REPOS:
  trunk:
    - Alamofire
    - SDWebImage
    - SwiftyJSON

SPEC CHECKSUMS:
  Alamofire: 85e8a02c69d6020a0d734f6054870d7ecb75cf18
  SDWebImage: dfe95b2466a9823cf9f0c6d01217c06550d7b29a
  SwiftyJSON: 2f33a42c6fbc52764d96f13368585094bfd8aa5e

PODFILE CHECKSUM: 41808ec4a751c6ab432acb9ed37f6c4754be793c

COCOAPODS: 1.15.2
